lockfileVersion: '9.0'

settings:
  autoInstallPeers: true
  excludeLinksFromLockfile: false

importers:

  .:
    dependencies:
      '@types/node':
        specifier: ^22.4.0
        version: 22.7.7
      browserslist-generator:
        specifier: ^2.1.0
        version: 2.3.0
      dequal:
        specifier: ^2.0.3
        version: 2.0.3
      execa:
        specifier: npm:@esm2cjs/execa@6.1.1-cjs.1
        version: '@esm2cjs/execa@6.1.1-cjs.1'
      tsx:
        specifier: ^4.17.0
        version: 4.19.1

packages:

  '@esbuild/aix-ppc64@0.23.1':
    resolution: {integrity: sha512-6VhYk1diRqrhBAqpJEdjASR/+WVRtfjpqKuNw11cLiaWpAT/Uu+nokB+UJnevzy/P9C/ty6AOe0dwueMrGh/iQ==}
    engines: {node: '>=18'}
    cpu: [ppc64]
    os: [aix]

  '@esbuild/android-arm64@0.23.1':
    resolution: {integrity: sha512-xw50ipykXcLstLeWH7WRdQuysJqejuAGPd30vd1i5zSyKK3WE+ijzHmLKxdiCMtH1pHz78rOg0BKSYOSB/2Khw==}
    engines: {node: '>=18'}
    cpu: [arm64]
    os: [android]

  '@esbuild/android-arm@0.23.1':
    resolution: {integrity: sha512-uz6/tEy2IFm9RYOyvKl88zdzZfwEfKZmnX9Cj1BHjeSGNuGLuMD1kR8y5bteYmwqKm1tj8m4cb/aKEorr6fHWQ==}
    engines: {node: '>=18'}
    cpu: [arm]
    os: [android]

  '@esbuild/android-x64@0.23.1':
    resolution: {integrity: sha512-nlN9B69St9BwUoB+jkyU090bru8L0NA3yFvAd7k8dNsVH8bi9a8cUAUSEcEEgTp2z3dbEDGJGfP6VUnkQnlReg==}
    engines: {node: '>=18'}
    cpu: [x64]
    os: [android]

  '@esbuild/darwin-arm64@0.23.1':
    resolution: {integrity: sha512-YsS2e3Wtgnw7Wq53XXBLcV6JhRsEq8hkfg91ESVadIrzr9wO6jJDMZnCQbHm1Guc5t/CdDiFSSfWP58FNuvT3Q==}
    engines: {node: '>=18'}
    cpu: [arm64]
    os: [darwin]

  '@esbuild/darwin-x64@0.23.1':
    resolution: {integrity: sha512-aClqdgTDVPSEGgoCS8QDG37Gu8yc9lTHNAQlsztQ6ENetKEO//b8y31MMu2ZaPbn4kVsIABzVLXYLhCGekGDqw==}
    engines: {node: '>=18'}
    cpu: [x64]
    os: [darwin]

  '@esbuild/freebsd-arm64@0.23.1':
    resolution: {integrity: sha512-h1k6yS8/pN/NHlMl5+v4XPfikhJulk4G+tKGFIOwURBSFzE8bixw1ebjluLOjfwtLqY0kewfjLSrO6tN2MgIhA==}
    engines: {node: '>=18'}
    cpu: [arm64]
    os: [freebsd]

  '@esbuild/freebsd-x64@0.23.1':
    resolution: {integrity: sha512-lK1eJeyk1ZX8UklqFd/3A60UuZ/6UVfGT2LuGo3Wp4/z7eRTRYY+0xOu2kpClP+vMTi9wKOfXi2vjUpO1Ro76g==}
    engines: {node: '>=18'}
    cpu: [x64]
    os: [freebsd]

  '@esbuild/linux-arm64@0.23.1':
    resolution: {integrity: sha512-/93bf2yxencYDnItMYV/v116zff6UyTjo4EtEQjUBeGiVpMmffDNUyD9UN2zV+V3LRV3/on4xdZ26NKzn6754g==}
    engines: {node: '>=18'}
    cpu: [arm64]
    os: [linux]

  '@esbuild/linux-arm@0.23.1':
    resolution: {integrity: sha512-CXXkzgn+dXAPs3WBwE+Kvnrf4WECwBdfjfeYHpMeVxWE0EceB6vhWGShs6wi0IYEqMSIzdOF1XjQ/Mkm5d7ZdQ==}
    engines: {node: '>=18'}
    cpu: [arm]
    os: [linux]

  '@esbuild/linux-ia32@0.23.1':
    resolution: {integrity: sha512-VTN4EuOHwXEkXzX5nTvVY4s7E/Krz7COC8xkftbbKRYAl96vPiUssGkeMELQMOnLOJ8k3BY1+ZY52tttZnHcXQ==}
    engines: {node: '>=18'}
    cpu: [ia32]
    os: [linux]

  '@esbuild/linux-loong64@0.23.1':
    resolution: {integrity: sha512-Vx09LzEoBa5zDnieH8LSMRToj7ir/Jeq0Gu6qJ/1GcBq9GkfoEAoXvLiW1U9J1qE/Y/Oyaq33w5p2ZWrNNHNEw==}
    engines: {node: '>=18'}
    cpu: [loong64]
    os: [linux]

  '@esbuild/linux-mips64el@0.23.1':
    resolution: {integrity: sha512-nrFzzMQ7W4WRLNUOU5dlWAqa6yVeI0P78WKGUo7lg2HShq/yx+UYkeNSE0SSfSure0SqgnsxPvmAUu/vu0E+3Q==}
    engines: {node: '>=18'}
    cpu: [mips64el]
    os: [linux]

  '@esbuild/linux-ppc64@0.23.1':
    resolution: {integrity: sha512-dKN8fgVqd0vUIjxuJI6P/9SSSe/mB9rvA98CSH2sJnlZ/OCZWO1DJvxj8jvKTfYUdGfcq2dDxoKaC6bHuTlgcw==}
    engines: {node: '>=18'}
    cpu: [ppc64]
    os: [linux]

  '@esbuild/linux-riscv64@0.23.1':
    resolution: {integrity: sha512-5AV4Pzp80fhHL83JM6LoA6pTQVWgB1HovMBsLQ9OZWLDqVY8MVobBXNSmAJi//Csh6tcY7e7Lny2Hg1tElMjIA==}
    engines: {node: '>=18'}
    cpu: [riscv64]
    os: [linux]

  '@esbuild/linux-s390x@0.23.1':
    resolution: {integrity: sha512-9ygs73tuFCe6f6m/Tb+9LtYxWR4c9yg7zjt2cYkjDbDpV/xVn+68cQxMXCjUpYwEkze2RcU/rMnfIXNRFmSoDw==}
    engines: {node: '>=18'}
    cpu: [s390x]
    os: [linux]

  '@esbuild/linux-x64@0.23.1':
    resolution: {integrity: sha512-EV6+ovTsEXCPAp58g2dD68LxoP/wK5pRvgy0J/HxPGB009omFPv3Yet0HiaqvrIrgPTBuC6wCH1LTOY91EO5hQ==}
    engines: {node: '>=18'}
    cpu: [x64]
    os: [linux]

  '@esbuild/netbsd-x64@0.23.1':
    resolution: {integrity: sha512-aevEkCNu7KlPRpYLjwmdcuNz6bDFiE7Z8XC4CPqExjTvrHugh28QzUXVOZtiYghciKUacNktqxdpymplil1beA==}
    engines: {node: '>=18'}
    cpu: [x64]
    os: [netbsd]

  '@esbuild/openbsd-arm64@0.23.1':
    resolution: {integrity: sha512-3x37szhLexNA4bXhLrCC/LImN/YtWis6WXr1VESlfVtVeoFJBRINPJ3f0a/6LV8zpikqoUg4hyXw0sFBt5Cr+Q==}
    engines: {node: '>=18'}
    cpu: [arm64]
    os: [openbsd]

  '@esbuild/openbsd-x64@0.23.1':
    resolution: {integrity: sha512-aY2gMmKmPhxfU+0EdnN+XNtGbjfQgwZj43k8G3fyrDM/UdZww6xrWxmDkuz2eCZchqVeABjV5BpildOrUbBTqA==}
    engines: {node: '>=18'}
    cpu: [x64]
    os: [openbsd]

  '@esbuild/sunos-x64@0.23.1':
    resolution: {integrity: sha512-RBRT2gqEl0IKQABT4XTj78tpk9v7ehp+mazn2HbUeZl1YMdaGAQqhapjGTCe7uw7y0frDi4gS0uHzhvpFuI1sA==}
    engines: {node: '>=18'}
    cpu: [x64]
    os: [sunos]

  '@esbuild/win32-arm64@0.23.1':
    resolution: {integrity: sha512-4O+gPR5rEBe2FpKOVyiJ7wNDPA8nGzDuJ6gN4okSA1gEOYZ67N8JPk58tkWtdtPeLz7lBnY6I5L3jdsr3S+A6A==}
    engines: {node: '>=18'}
    cpu: [arm64]
    os: [win32]

  '@esbuild/win32-ia32@0.23.1':
    resolution: {integrity: sha512-BcaL0Vn6QwCwre3Y717nVHZbAa4UBEigzFm6VdsVdT/MbZ38xoj1X9HPkZhbmaBGUD1W8vxAfffbDe8bA6AKnQ==}
    engines: {node: '>=18'}
    cpu: [ia32]
    os: [win32]

  '@esbuild/win32-x64@0.23.1':
    resolution: {integrity: sha512-BHpFFeslkWrXWyUPnbKm+xYYVYruCinGcftSBaa8zoF9hZO4BcSCFUvHVTtzpIY6YzUnYtuEhZ+C9iEXjxnasg==}
    engines: {node: '>=18'}
    cpu: [x64]
    os: [win32]

  '@esm2cjs/execa@6.1.1-cjs.1':
    resolution: {integrity: sha512-FHxfnmuDIjY1VS/BLzDkL8EkbcFvi8s6x1nYQ1Nyu0An0n88EJcGhDBcRWLFwt3C3nT7xwI+MwHRH1TZcAFW2w==}
    engines: {node: ^12.20.0 || ^14.13.1 || >=16.0.0}

  '@esm2cjs/human-signals@3.0.1':
    resolution: {integrity: sha512-QZme4eF/PwTpeSbMB4AaWGQ4VSygzE30jI+Oas1NPTtZQAgcHwWVDOQpIW8FUmtzn5Q+2cS7AjnTzbtqtc5P6g==}
    engines: {node: '>=12.20.0'}

  '@esm2cjs/is-stream@3.0.0':
    resolution: {integrity: sha512-qcBscHlJpZFOD5nnmMHkzOrq2xyvsp9fbVreQLS8x2LOs8N3CrNi3fqvFY0GVJR+YSOHscwhG9T5t4Ck7R7QGw==}
    engines: {node: ^12.20.0 || ^14.13.1 || >=16.0.0}

  '@esm2cjs/mimic-fn@4.0.0':
    resolution: {integrity: sha512-LIIAjcpjLr4rcbYmRQ+eRu55Upy/MMB78seIlwqbnyiA+cTa1/pxWnJ1NHJQrw6tx2wMQmlYoJj+wf16NjWH6Q==}
    engines: {node: '>=12'}

  '@esm2cjs/npm-run-path@5.1.1-cjs.0':
    resolution: {integrity: sha512-CWeAIyE8iNSCgP2ItPE8iPgS+lACqgH+MuFRaWOIl2T7hnHqPFfhAJJ/LcLJJ/RMIxNMeenjFMwc91HW7NWr1A==}
    engines: {node: ^12.20.0 || ^14.13.1 || >=16.0.0}

  '@esm2cjs/onetime@6.0.1-cjs.0':
    resolution: {integrity: sha512-MkZMZSxrSC/6yUuAw6Azc56XOgwHQQIsNDlO/zgFmOcycJBhRwRuc/gdYUUOFNZIh7y+f0JSIxkNdJPFvJ5W0w==}
    engines: {node: '>=12'}

  '@esm2cjs/path-key@4.0.0':
    resolution: {integrity: sha512-fKzZ3uIIP4j+7WfyG0MEkomGHL0hUXWCx1kY2Zct3GTdl4pyY+3k5lCUxjgdDa2Ld1BCjMNorXnRHiBP6jW6CQ==}
    engines: {node: '>=12'}

  '@esm2cjs/strip-final-newline@3.0.1-cjs.0':
    resolution: {integrity: sha512-o41riCGPiOEStayoikBCAqwa6igbv9L9rP+k5UCfQ24EJD/wGrdDs/KTNwkHG5JzDK3T60D5dMkWkLKEPy8gjA==}
    engines: {node: '>=12'}

  '@mdn/browser-compat-data@5.6.8':
    resolution: {integrity: sha512-ueuvAVqVaPF+bEclXAH/P+qfUJ2IMJDaeUS+j8HC/maWTdV5tcm2eTvlGdXRLiq0rJAZk0Zy22i51rzW0B2izQ==}

  '@types/node@22.7.7':
    resolution: {integrity: sha512-SRxCrrg9CL/y54aiMCG3edPKdprgMVGDXjA3gB8UmmBW5TcXzRUYAh8EWzTnSJFAd1rgImPELza+A3bJ+qxz8Q==}

  '@types/object-path@0.11.4':
    resolution: {integrity: sha512-4tgJ1Z3elF/tOMpA8JLVuR9spt9Ynsf7+JjqsQ2IqtiPJtcLoHoXcT6qU4E10cPFqyXX5HDm9QwIzZhBSkLxsw==}

  '@types/semver@7.5.8':
    resolution: {integrity: sha512-I8EUhyrgfLrcTkzV3TSsGyl1tSuPrEDzr0yd5m90UgNxQkyDXULk3b6MlQqTCpZpNtWe1K0hzclnZkTcLBe2UQ==}

  '@types/ua-parser-js@0.7.39':
    resolution: {integrity: sha512-P/oDfpofrdtF5xw433SPALpdSchtJmY7nsJItf8h3KXqOslkbySh8zq4dSWXH2oTjRvJ5PczVEoCZPow6GicLg==}

  browserslist-generator@2.3.0:
    resolution: {integrity: sha512-NEvS2dNlBKfSL3qDUTM3NkJMfjMAPEjvEGnhMZKql6ZNzJ8asqFpmuTizwOpRQeYA0/VktmOXa+mFPv8nvcIGw==}
    engines: {node: '>=16.15.1', npm: '>=7.0.0', pnpm: '>=3.2.0', yarn: '>=1.13'}

  browserslist@4.24.0:
    resolution: {integrity: sha512-Rmb62sR1Zpjql25eSanFGEhAxcFwfA1K0GuQcLoaJBAcENegrQut3hYdhXFF1obQfiDyqIW/cLM5HSJ/9k884A==}
    engines: {node: ^6 || ^7 || ^8 || ^9 || ^10 || ^11 || ^12 || >=13.7}
    hasBin: true

  caniuse-lite@1.0.30001669:
    resolution: {integrity: sha512-DlWzFDJqstqtIVx1zeSpIMLjunf5SmwOw0N2Ck/QSQdS8PLS4+9HrLaYei4w8BIAL7IB/UEDu889d8vhCTPA0w==}

  cross-spawn@7.0.3:
    resolution: {integrity: sha512-iRDPJKUPVEND7dHPO8rkbOnPpyDygcDFtWjpeWNCgy8WP2rXcxXL8TskReQl6OrB2G7+UJrags1q15Fudc7G6w==}
    engines: {node: '>= 8'}

  dequal@2.0.3:
    resolution: {integrity: sha512-0je+qPKHEMohvfRTCEo3CrPG6cAzAYgmzKyxRiYSSDkS6eGJdyVJm7WaYA5ECaAD9wLB2T4EEeymA5aFVcYXCA==}
    engines: {node: '>=6'}

  electron-to-chromium@1.5.41:
    resolution: {integrity: sha512-dfdv/2xNjX0P8Vzme4cfzHqnPm5xsZXwsolTYr0eyW18IUmNyG08vL+fttvinTfhKfIKdRoqkDIC9e9iWQCNYQ==}

  esbuild@0.23.1:
    resolution: {integrity: sha512-VVNz/9Sa0bs5SELtn3f7qhJCDPCF5oMEl5cO9/SSinpE9hbPVvxbd572HH5AKiP7WD8INO53GgfDDhRjkylHEg==}
    engines: {node: '>=18'}
    hasBin: true

  escalade@3.2.0:
    resolution: {integrity: sha512-WUj2qlxaQtO4g6Pq5c29GTcWGDyd8itL8zTlipgECz3JesAiiOKotd8JU6otB3PACgG6xkJUyVhboMS+bje/jA==}
    engines: {node: '>=6'}

  fsevents@2.3.3:
    resolution: {integrity: sha512-5xoDfX+fL7faATnagmWPpbFtwh/R77WmMMqqHGS65C3vvB0YHrgF+B1YmZ3441tMj5n63k0212XNoJwzlhffQw==}
    engines: {node: ^8.16.0 || ^10.6.0 || >=11.0.0}
    os: [darwin]

  get-stream@6.0.1:
    resolution: {integrity: sha512-ts6Wi+2j3jQjqi70w5AlN8DFnkSwC+MqmxEzdEALB2qXZYV3X/b1CTfgPLGJNMeAWxdPfU8FO1ms3NUfaHCPYg==}
    engines: {node: '>=10'}

  get-tsconfig@4.8.1:
    resolution: {integrity: sha512-k9PN+cFBmaLWtVz29SkUoqU5O0slLuHJXt/2P+tMVFT+phsSGXGkp9t3rQIqdz0e+06EHNGs3oM6ZX1s2zHxRg==}

  isbot@3.8.0:
    resolution: {integrity: sha512-vne1mzQUTR+qsMLeCBL9+/tgnDXRyc2pygLGl/WsgA+EZKIiB5Ehu0CiVTHIIk30zhJ24uGz4M5Ppse37aR0Hg==}
    engines: {node: '>=12'}

  isexe@2.0.0:
    resolution: {integrity: sha512-RHxMLp9lnKHGHRng9QFhRCMbYAcVpn69smSGcq3f36xjgVVWThj4qqLbTLlq7Ssj8B+fIQ1EuCEGI2lKsyQeIw==}

  merge-stream@2.0.0:
    resolution: {integrity: sha512-abv/qOcuPfk3URPfDzmZU1LKmuw8kT+0nIHvKrKgFrwifol/doWcdA4ZqsWQ8ENrFKkd67Mfpo/LovbIUsbt3w==}

  node-releases@2.0.18:
    resolution: {integrity: sha512-d9VeXT4SJ7ZeOqGX6R5EM022wpL+eWPooLI+5UpWn2jCT1aosUQEhQP214x33Wkwx3JQMvIm+tIoVOdodFS40g==}

  object-path@0.11.8:
    resolution: {integrity: sha512-YJjNZrlXJFM42wTBn6zgOJVar9KFJvzx6sTWDte8sWZF//cnjl0BxHNpfZx+ZffXX63A9q0b1zsFiBX4g4X5KA==}
    engines: {node: '>= 10.12.0'}

  path-key@3.1.1:
    resolution: {integrity: sha512-ojmeN0qd+y0jszEtoY48r0Peq5dwMEkIlCOu6Q5f41lfkswXuKtYrhgoTpLnyIcHm24Uhqx+5Tqm2InSwLhE6Q==}
    engines: {node: '>=8'}

  picocolors@1.1.1:
    resolution: {integrity: sha512-xceH2snhtb5M9liqDsmEw56le376mTZkEX/jEb/RxNFyegNul7eNslCXP9FDj/Lcu0X8KEyMceP2ntpaHrDEVA==}

  resolve-pkg-maps@1.0.0:
    resolution: {integrity: sha512-seS2Tj26TBVOC2NIc2rOe2y2ZO7efxITtLZcGSOnHHNOQ7CkiUBfw0Iw2ck6xkIhPwLhKNLS8BO+hEpngQlqzw==}

  semver@7.6.3:
    resolution: {integrity: sha512-oVekP1cKtI+CTDvHWYFUcMtsK/00wmAEfyqKfNdARm8u1wNVhSgaX7A8d4UuIlUI5e84iEwOhs7ZPYRmzU9U6A==}
    engines: {node: '>=10'}
    hasBin: true

  shebang-command@2.0.0:
    resolution: {integrity: sha512-kHxr2zZpYtdmrN1qDjrrX/Z1rR1kG8Dx+gkpK1G4eXmvXswmcE1hTWBWYUzlraYw1/yZp6YuDY77YtvbN0dmDA==}
    engines: {node: '>=8'}

  shebang-regex@3.0.0:
    resolution: {integrity: sha512-7++dFhtcx3353uBaq8DDR4NuxBetBzC7ZQOhmTQInHEd6bSrXdiEyzCvG07Z44UYdLShWUyXt5M/yhz8ekcb1A==}
    engines: {node: '>=8'}

  signal-exit@3.0.7:
    resolution: {integrity: sha512-wnD2ZE+l+SPC/uoS0vXeE9L1+0wuaMqKlfz9AMUo38JsyLSBWSFcHR1Rri62LZc12vLr1gb3jl7iwQhgwpAbGQ==}

  tsx@4.19.1:
    resolution: {integrity: sha512-0flMz1lh74BR4wOvBjuh9olbnwqCPc35OOlfyzHba0Dc+QNUeWX/Gq2YTbnwcWPO3BMd8fkzRVrHcsR+a7z7rA==}
    engines: {node: '>=18.0.0'}
    hasBin: true

  ua-parser-js@1.0.39:
    resolution: {integrity: sha512-k24RCVWlEcjkdOxYmVJgeD/0a1TiSpqLg+ZalVGV9lsnr4yqu0w7tX/x2xX6G4zpkgQnRf89lxuZ1wsbjXM8lw==}
    hasBin: true

  undici-types@6.19.8:
    resolution: {integrity: sha512-ve2KP6f/JnbPBFyobGHuerC9g1FYGn/F8n1LWTwNxCEzd6IfqTwUQcNXgEtmmQ6DlRrC1hrSrBnCZPokRrDHjw==}

  update-browserslist-db@1.1.1:
    resolution: {integrity: sha512-R8UzCaa9Az+38REPiJ1tXlImTJXlVfgHZsglwBD/k6nj76ctsH1E3q4doGrukiLQd3sGQYu56r5+lo5r94l29A==}
    hasBin: true
    peerDependencies:
      browserslist: '>= 4.21.0'

  which@2.0.2:
    resolution: {integrity: sha512-BLI3Tl1TW3Pvl70l3yq3Y64i+awpwXqsGBYWkkqMtnbXgrMD+yj7rhW0kuEDxzJaYXGjEW5ogapKNMEKNMjibA==}
    engines: {node: '>= 8'}
    hasBin: true

snapshots:

  '@esbuild/aix-ppc64@0.23.1':
    optional: true

  '@esbuild/android-arm64@0.23.1':
    optional: true

  '@esbuild/android-arm@0.23.1':
    optional: true

  '@esbuild/android-x64@0.23.1':
    optional: true

  '@esbuild/darwin-arm64@0.23.1':
    optional: true

  '@esbuild/darwin-x64@0.23.1':
    optional: true

  '@esbuild/freebsd-arm64@0.23.1':
    optional: true

  '@esbuild/freebsd-x64@0.23.1':
    optional: true

  '@esbuild/linux-arm64@0.23.1':
    optional: true

  '@esbuild/linux-arm@0.23.1':
    optional: true

  '@esbuild/linux-ia32@0.23.1':
    optional: true

  '@esbuild/linux-loong64@0.23.1':
    optional: true

  '@esbuild/linux-mips64el@0.23.1':
    optional: true

  '@esbuild/linux-ppc64@0.23.1':
    optional: true

  '@esbuild/linux-riscv64@0.23.1':
    optional: true

  '@esbuild/linux-s390x@0.23.1':
    optional: true

  '@esbuild/linux-x64@0.23.1':
    optional: true

  '@esbuild/netbsd-x64@0.23.1':
    optional: true

  '@esbuild/openbsd-arm64@0.23.1':
    optional: true

  '@esbuild/openbsd-x64@0.23.1':
    optional: true

  '@esbuild/sunos-x64@0.23.1':
    optional: true

  '@esbuild/win32-arm64@0.23.1':
    optional: true

  '@esbuild/win32-ia32@0.23.1':
    optional: true

  '@esbuild/win32-x64@0.23.1':
    optional: true

  '@esm2cjs/execa@6.1.1-cjs.1':
    dependencies:
      '@esm2cjs/human-signals': 3.0.1
      '@esm2cjs/is-stream': 3.0.0
      '@esm2cjs/npm-run-path': 5.1.1-cjs.0
      '@esm2cjs/onetime': 6.0.1-cjs.0
      '@esm2cjs/strip-final-newline': 3.0.1-cjs.0
      cross-spawn: 7.0.3
      get-stream: 6.0.1
      merge-stream: 2.0.0
      signal-exit: 3.0.7

  '@esm2cjs/human-signals@3.0.1': {}

  '@esm2cjs/is-stream@3.0.0': {}

  '@esm2cjs/mimic-fn@4.0.0': {}

  '@esm2cjs/npm-run-path@5.1.1-cjs.0':
    dependencies:
      '@esm2cjs/path-key': 4.0.0

  '@esm2cjs/onetime@6.0.1-cjs.0':
    dependencies:
      '@esm2cjs/mimic-fn': 4.0.0

  '@esm2cjs/path-key@4.0.0': {}

  '@esm2cjs/strip-final-newline@3.0.1-cjs.0': {}

  '@mdn/browser-compat-data@5.6.8': {}

  '@types/node@22.7.7':
    dependencies:
      undici-types: 6.19.8

  '@types/object-path@0.11.4': {}

  '@types/semver@7.5.8': {}

  '@types/ua-parser-js@0.7.39': {}

  browserslist-generator@2.3.0:
    dependencies:
      '@mdn/browser-compat-data': 5.6.8
      '@types/object-path': 0.11.4
      '@types/semver': 7.5.8
      '@types/ua-parser-js': 0.7.39
      browserslist: 4.24.0
      caniuse-lite: 1.0.30001669
      isbot: 3.8.0
      object-path: 0.11.8
      semver: 7.6.3
      ua-parser-js: 1.0.39

  browserslist@4.24.0:
    dependencies:
      caniuse-lite: 1.0.30001669
      electron-to-chromium: 1.5.41
      node-releases: 2.0.18
      update-browserslist-db: 1.1.1(browserslist@4.24.0)

  caniuse-lite@1.0.30001669: {}

  cross-spawn@7.0.3:
    dependencies:
      path-key: 3.1.1
      shebang-command: 2.0.0
      which: 2.0.2

  dequal@2.0.3: {}

  electron-to-chromium@1.5.41: {}

  esbuild@0.23.1:
    optionalDependencies:
      '@esbuild/aix-ppc64': 0.23.1
      '@esbuild/android-arm': 0.23.1
      '@esbuild/android-arm64': 0.23.1
      '@esbuild/android-x64': 0.23.1
      '@esbuild/darwin-arm64': 0.23.1
      '@esbuild/darwin-x64': 0.23.1
      '@esbuild/freebsd-arm64': 0.23.1
      '@esbuild/freebsd-x64': 0.23.1
      '@esbuild/linux-arm': 0.23.1
      '@esbuild/linux-arm64': 0.23.1
      '@esbuild/linux-ia32': 0.23.1
      '@esbuild/linux-loong64': 0.23.1
      '@esbuild/linux-mips64el': 0.23.1
      '@esbuild/linux-ppc64': 0.23.1
      '@esbuild/linux-riscv64': 0.23.1
      '@esbuild/linux-s390x': 0.23.1
      '@esbuild/linux-x64': 0.23.1
      '@esbuild/netbsd-x64': 0.23.1
      '@esbuild/openbsd-arm64': 0.23.1
      '@esbuild/openbsd-x64': 0.23.1
      '@esbuild/sunos-x64': 0.23.1
      '@esbuild/win32-arm64': 0.23.1
      '@esbuild/win32-ia32': 0.23.1
      '@esbuild/win32-x64': 0.23.1

  escalade@3.2.0: {}

  fsevents@2.3.3:
    optional: true

  get-stream@6.0.1: {}

  get-tsconfig@4.8.1:
    dependencies:
      resolve-pkg-maps: 1.0.0

  isbot@3.8.0: {}

  isexe@2.0.0: {}

  merge-stream@2.0.0: {}

  node-releases@2.0.18: {}

  object-path@0.11.8: {}

  path-key@3.1.1: {}

  picocolors@1.1.1: {}

  resolve-pkg-maps@1.0.0: {}

  semver@7.6.3: {}

  shebang-command@2.0.0:
    dependencies:
      shebang-regex: 3.0.0

  shebang-regex@3.0.0: {}

  signal-exit@3.0.7: {}

  tsx@4.19.1:
    dependencies:
      esbuild: 0.23.1
      get-tsconfig: 4.8.1
    optionalDependencies:
      fsevents: 2.3.3

  ua-parser-js@1.0.39: {}

  undici-types@6.19.8: {}

  update-browserslist-db@1.1.1(browserslist@4.24.0):
    dependencies:
      browserslist: 4.24.0
      escalade: 3.2.0
      picocolors: 1.1.1

  which@2.0.2:
    dependencies:
      isexe: 2.0.0
