lockfileVersion: '9.0'

settings:
  autoInstallPeers: true
  excludeLinksFromLockfile: false

importers:

  .:
    dependencies:
      '@types/node':
        specifier: ^22.4.0
        version: 22.7.7
      browserslist-generator:
        specifier: ^2.1.0
        version: 2.3.0
      dequal:
        specifier: ^2.0.3
        version: 2.0.3
      execa:
        specifier: npm:@esm2cjs/execa@6.1.1-cjs.1
        version: '@esm2cjs/execa@6.1.1-cjs.1'

packages:

  '@esm2cjs/execa@6.1.1-cjs.1':
    resolution: {integrity: sha512-FHxfnmuDIjY1VS/BLzDkL8EkbcFvi8s6x1nYQ1Nyu0An0n88EJcGhDBcRWLFwt3C3nT7xwI+MwHRH1TZcAFW2w==}
    engines: {node: ^12.20.0 || ^14.13.1 || >=16.0.0}

  '@esm2cjs/human-signals@3.0.1':
    resolution: {integrity: sha512-QZme4eF/PwTpeSbMB4AaWGQ4VSygzE30jI+Oas1NPTtZQAgcHwWVDOQpIW8FUmtzn5Q+2cS7AjnTzbtqtc5P6g==}
    engines: {node: '>=12.20.0'}

  '@esm2cjs/is-stream@3.0.0':
    resolution: {integrity: sha512-qcBscHlJpZFOD5nnmMHkzOrq2xyvsp9fbVreQLS8x2LOs8N3CrNi3fqvFY0GVJR+YSOHscwhG9T5t4Ck7R7QGw==}
    engines: {node: ^12.20.0 || ^14.13.1 || >=16.0.0}

  '@esm2cjs/mimic-fn@4.0.0':
    resolution: {integrity: sha512-LIIAjcpjLr4rcbYmRQ+eRu55Upy/MMB78seIlwqbnyiA+cTa1/pxWnJ1NHJQrw6tx2wMQmlYoJj+wf16NjWH6Q==}
    engines: {node: '>=12'}

  '@esm2cjs/npm-run-path@5.1.1-cjs.0':
    resolution: {integrity: sha512-CWeAIyE8iNSCgP2ItPE8iPgS+lACqgH+MuFRaWOIl2T7hnHqPFfhAJJ/LcLJJ/RMIxNMeenjFMwc91HW7NWr1A==}
    engines: {node: ^12.20.0 || ^14.13.1 || >=16.0.0}

  '@esm2cjs/onetime@6.0.1-cjs.0':
    resolution: {integrity: sha512-MkZMZSxrSC/6yUuAw6Azc56XOgwHQQIsNDlO/zgFmOcycJBhRwRuc/gdYUUOFNZIh7y+f0JSIxkNdJPFvJ5W0w==}
    engines: {node: '>=12'}

  '@esm2cjs/path-key@4.0.0':
    resolution: {integrity: sha512-fKzZ3uIIP4j+7WfyG0MEkomGHL0hUXWCx1kY2Zct3GTdl4pyY+3k5lCUxjgdDa2Ld1BCjMNorXnRHiBP6jW6CQ==}
    engines: {node: '>=12'}

  '@esm2cjs/strip-final-newline@3.0.1-cjs.0':
    resolution: {integrity: sha512-o41riCGPiOEStayoikBCAqwa6igbv9L9rP+k5UCfQ24EJD/wGrdDs/KTNwkHG5JzDK3T60D5dMkWkLKEPy8gjA==}
    engines: {node: '>=12'}

  '@mdn/browser-compat-data@5.6.8':
    resolution: {integrity: sha512-ueuvAVqVaPF+bEclXAH/P+qfUJ2IMJDaeUS+j8HC/maWTdV5tcm2eTvlGdXRLiq0rJAZk0Zy22i51rzW0B2izQ==}

  '@types/node@22.7.7':
    resolution: {integrity: sha512-SRxCrrg9CL/y54aiMCG3edPKdprgMVGDXjA3gB8UmmBW5TcXzRUYAh8EWzTnSJFAd1rgImPELza+A3bJ+qxz8Q==}

  '@types/object-path@0.11.4':
    resolution: {integrity: sha512-4tgJ1Z3elF/tOMpA8JLVuR9spt9Ynsf7+JjqsQ2IqtiPJtcLoHoXcT6qU4E10cPFqyXX5HDm9QwIzZhBSkLxsw==}

  '@types/semver@7.5.8':
    resolution: {integrity: sha512-I8EUhyrgfLrcTkzV3TSsGyl1tSuPrEDzr0yd5m90UgNxQkyDXULk3b6MlQqTCpZpNtWe1K0hzclnZkTcLBe2UQ==}

  '@types/ua-parser-js@0.7.39':
    resolution: {integrity: sha512-P/oDfpofrdtF5xw433SPALpdSchtJmY7nsJItf8h3KXqOslkbySh8zq4dSWXH2oTjRvJ5PczVEoCZPow6GicLg==}

  browserslist-generator@2.3.0:
    resolution: {integrity: sha512-NEvS2dNlBKfSL3qDUTM3NkJMfjMAPEjvEGnhMZKql6ZNzJ8asqFpmuTizwOpRQeYA0/VktmOXa+mFPv8nvcIGw==}
    engines: {node: '>=16.15.1', npm: '>=7.0.0', pnpm: '>=3.2.0', yarn: '>=1.13'}

  browserslist@4.24.0:
    resolution: {integrity: sha512-Rmb62sR1Zpjql25eSanFGEhAxcFwfA1K0GuQcLoaJBAcENegrQut3hYdhXFF1obQfiDyqIW/cLM5HSJ/9k884A==}
    engines: {node: ^6 || ^7 || ^8 || ^9 || ^10 || ^11 || ^12 || >=13.7}
    hasBin: true

  caniuse-lite@1.0.30001669:
    resolution: {integrity: sha512-DlWzFDJqstqtIVx1zeSpIMLjunf5SmwOw0N2Ck/QSQdS8PLS4+9HrLaYei4w8BIAL7IB/UEDu889d8vhCTPA0w==}

  cross-spawn@7.0.3:
    resolution: {integrity: sha512-iRDPJKUPVEND7dHPO8rkbOnPpyDygcDFtWjpeWNCgy8WP2rXcxXL8TskReQl6OrB2G7+UJrags1q15Fudc7G6w==}
    engines: {node: '>= 8'}

  dequal@2.0.3:
    resolution: {integrity: sha512-0je+qPKHEMohvfRTCEo3CrPG6cAzAYgmzKyxRiYSSDkS6eGJdyVJm7WaYA5ECaAD9wLB2T4EEeymA5aFVcYXCA==}
    engines: {node: '>=6'}

  electron-to-chromium@1.5.41:
    resolution: {integrity: sha512-dfdv/2xNjX0P8Vzme4cfzHqnPm5xsZXwsolTYr0eyW18IUmNyG08vL+fttvinTfhKfIKdRoqkDIC9e9iWQCNYQ==}

  escalade@3.2.0:
    resolution: {integrity: sha512-WUj2qlxaQtO4g6Pq5c29GTcWGDyd8itL8zTlipgECz3JesAiiOKotd8JU6otB3PACgG6xkJUyVhboMS+bje/jA==}
    engines: {node: '>=6'}

  get-stream@6.0.1:
    resolution: {integrity: sha512-ts6Wi+2j3jQjqi70w5AlN8DFnkSwC+MqmxEzdEALB2qXZYV3X/b1CTfgPLGJNMeAWxdPfU8FO1ms3NUfaHCPYg==}
    engines: {node: '>=10'}

  isbot@3.8.0:
    resolution: {integrity: sha512-vne1mzQUTR+qsMLeCBL9+/tgnDXRyc2pygLGl/WsgA+EZKIiB5Ehu0CiVTHIIk30zhJ24uGz4M5Ppse37aR0Hg==}
    engines: {node: '>=12'}

  isexe@2.0.0:
    resolution: {integrity: sha512-RHxMLp9lnKHGHRng9QFhRCMbYAcVpn69smSGcq3f36xjgVVWThj4qqLbTLlq7Ssj8B+fIQ1EuCEGI2lKsyQeIw==}

  merge-stream@2.0.0:
    resolution: {integrity: sha512-abv/qOcuPfk3URPfDzmZU1LKmuw8kT+0nIHvKrKgFrwifol/doWcdA4ZqsWQ8ENrFKkd67Mfpo/LovbIUsbt3w==}

  node-releases@2.0.18:
    resolution: {integrity: sha512-d9VeXT4SJ7ZeOqGX6R5EM022wpL+eWPooLI+5UpWn2jCT1aosUQEhQP214x33Wkwx3JQMvIm+tIoVOdodFS40g==}

  object-path@0.11.8:
    resolution: {integrity: sha512-YJjNZrlXJFM42wTBn6zgOJVar9KFJvzx6sTWDte8sWZF//cnjl0BxHNpfZx+ZffXX63A9q0b1zsFiBX4g4X5KA==}
    engines: {node: '>= 10.12.0'}

  path-key@3.1.1:
    resolution: {integrity: sha512-ojmeN0qd+y0jszEtoY48r0Peq5dwMEkIlCOu6Q5f41lfkswXuKtYrhgoTpLnyIcHm24Uhqx+5Tqm2InSwLhE6Q==}
    engines: {node: '>=8'}

  picocolors@1.1.1:
    resolution: {integrity: sha512-xceH2snhtb5M9liqDsmEw56le376mTZkEX/jEb/RxNFyegNul7eNslCXP9FDj/Lcu0X8KEyMceP2ntpaHrDEVA==}

  semver@7.6.3:
    resolution: {integrity: sha512-oVekP1cKtI+CTDvHWYFUcMtsK/00wmAEfyqKfNdARm8u1wNVhSgaX7A8d4UuIlUI5e84iEwOhs7ZPYRmzU9U6A==}
    engines: {node: '>=10'}
    hasBin: true

  shebang-command@2.0.0:
    resolution: {integrity: sha512-kHxr2zZpYtdmrN1qDjrrX/Z1rR1kG8Dx+gkpK1G4eXmvXswmcE1hTWBWYUzlraYw1/yZp6YuDY77YtvbN0dmDA==}
    engines: {node: '>=8'}

  shebang-regex@3.0.0:
    resolution: {integrity: sha512-7++dFhtcx3353uBaq8DDR4NuxBetBzC7ZQOhmTQInHEd6bSrXdiEyzCvG07Z44UYdLShWUyXt5M/yhz8ekcb1A==}
    engines: {node: '>=8'}

  signal-exit@3.0.7:
    resolution: {integrity: sha512-wnD2ZE+l+SPC/uoS0vXeE9L1+0wuaMqKlfz9AMUo38JsyLSBWSFcHR1Rri62LZc12vLr1gb3jl7iwQhgwpAbGQ==}

  ua-parser-js@1.0.39:
    resolution: {integrity: sha512-k24RCVWlEcjkdOxYmVJgeD/0a1TiSpqLg+ZalVGV9lsnr4yqu0w7tX/x2xX6G4zpkgQnRf89lxuZ1wsbjXM8lw==}
    hasBin: true

  undici-types@6.19.8:
    resolution: {integrity: sha512-ve2KP6f/JnbPBFyobGHuerC9g1FYGn/F8n1LWTwNxCEzd6IfqTwUQcNXgEtmmQ6DlRrC1hrSrBnCZPokRrDHjw==}

  update-browserslist-db@1.1.1:
    resolution: {integrity: sha512-R8UzCaa9Az+38REPiJ1tXlImTJXlVfgHZsglwBD/k6nj76ctsH1E3q4doGrukiLQd3sGQYu56r5+lo5r94l29A==}
    hasBin: true
    peerDependencies:
      browserslist: '>= 4.21.0'

  which@2.0.2:
    resolution: {integrity: sha512-BLI3Tl1TW3Pvl70l3yq3Y64i+awpwXqsGBYWkkqMtnbXgrMD+yj7rhW0kuEDxzJaYXGjEW5ogapKNMEKNMjibA==}
    engines: {node: '>= 8'}
    hasBin: true

snapshots:

  '@esm2cjs/execa@6.1.1-cjs.1':
    dependencies:
      '@esm2cjs/human-signals': 3.0.1
      '@esm2cjs/is-stream': 3.0.0
      '@esm2cjs/npm-run-path': 5.1.1-cjs.0
      '@esm2cjs/onetime': 6.0.1-cjs.0
      '@esm2cjs/strip-final-newline': 3.0.1-cjs.0
      cross-spawn: 7.0.3
      get-stream: 6.0.1
      merge-stream: 2.0.0
      signal-exit: 3.0.7

  '@esm2cjs/human-signals@3.0.1': {}

  '@esm2cjs/is-stream@3.0.0': {}

  '@esm2cjs/mimic-fn@4.0.0': {}

  '@esm2cjs/npm-run-path@5.1.1-cjs.0':
    dependencies:
      '@esm2cjs/path-key': 4.0.0

  '@esm2cjs/onetime@6.0.1-cjs.0':
    dependencies:
      '@esm2cjs/mimic-fn': 4.0.0

  '@esm2cjs/path-key@4.0.0': {}

  '@esm2cjs/strip-final-newline@3.0.1-cjs.0': {}

  '@mdn/browser-compat-data@5.6.8': {}

  '@types/node@22.7.7':
    dependencies:
      undici-types: 6.19.8

  '@types/object-path@0.11.4': {}

  '@types/semver@7.5.8': {}

  '@types/ua-parser-js@0.7.39': {}

  browserslist-generator@2.3.0:
    dependencies:
      '@mdn/browser-compat-data': 5.6.8
      '@types/object-path': 0.11.4
      '@types/semver': 7.5.8
      '@types/ua-parser-js': 0.7.39
      browserslist: 4.24.0
      caniuse-lite: 1.0.30001669
      isbot: 3.8.0
      object-path: 0.11.8
      semver: 7.6.3
      ua-parser-js: 1.0.39

  browserslist@4.24.0:
    dependencies:
      caniuse-lite: 1.0.30001669
      electron-to-chromium: 1.5.41
      node-releases: 2.0.18
      update-browserslist-db: 1.1.1(browserslist@4.24.0)

  caniuse-lite@1.0.30001669: {}

  cross-spawn@7.0.3:
    dependencies:
      path-key: 3.1.1
      shebang-command: 2.0.0
      which: 2.0.2

  dequal@2.0.3: {}

  electron-to-chromium@1.5.41: {}

  escalade@3.2.0: {}

  get-stream@6.0.1: {}

  isbot@3.8.0: {}

  isexe@2.0.0: {}

  merge-stream@2.0.0: {}

  node-releases@2.0.18: {}

  object-path@0.11.8: {}

  path-key@3.1.1: {}

  picocolors@1.1.1: {}

  semver@7.6.3: {}

  shebang-command@2.0.0:
    dependencies:
      shebang-regex: 3.0.0

  shebang-regex@3.0.0: {}

  signal-exit@3.0.7: {}

  ua-parser-js@1.0.39: {}

  undici-types@6.19.8: {}

  update-browserslist-db@1.1.1(browserslist@4.24.0):
    dependencies:
      browserslist: 4.24.0
      escalade: 3.2.0
      picocolors: 1.1.1

  which@2.0.2:
    dependencies:
      isexe: 2.0.0
