lockfileVersion: '9.0'

settings:
  autoInstallPeers: true
  excludeLinksFromLockfile: false

importers:
  .:
    dependencies:
      '@supabase/supabase-js':
        specifier: ^2.45.0
        version: 2.45.0
      algoliasearch:
        specifier: ^4.24.0
        version: 4.24.0
      supabase:
        specifier: ^1.187.10
        version: 1.187.10

packages:
  '@algolia/cache-browser-local-storage@4.24.0':
    resolution:
      {
        integrity: sha512-t63W9BnoXVrGy9iYHBgObNXqYXM3tYXCjDSHeNwnsc324r4o5UiVKUiAB4THQ5z9U5hTj6qUvwg/Ez43ZD85ww==,
      }

  '@algolia/cache-common@4.24.0':
    resolution:
      {
        integrity: sha512-emi+v+DmVLpMGhp0V9q9h5CdkURsNmFC+cOS6uK9ndeJm9J4TiqSvPYVu+THUP8P/S08rxf5x2P+p3CfID0Y4g==,
      }

  '@algolia/cache-in-memory@4.24.0':
    resolution:
      {
        integrity: sha512-gDrt2so19jW26jY3/MkFg5mEypFIPbPoXsQGQWAi6TrCPsNOSEYepBMPlucqWigsmEy/prp5ug2jy/N3PVG/8w==,
      }

  '@algolia/client-account@4.24.0':
    resolution:
      {
        integrity: sha512-adcvyJ3KjPZFDybxlqnf+5KgxJtBjwTPTeyG2aOyoJvx0Y8dUQAEOEVOJ/GBxX0WWNbmaSrhDURMhc+QeevDsA==,
      }

  '@algolia/client-analytics@4.24.0':
    resolution:
      {
        integrity: sha512-y8jOZt1OjwWU4N2qr8G4AxXAzaa8DBvyHTWlHzX/7Me1LX8OayfgHexqrsL4vSBcoMmVw2XnVW9MhL+Y2ZDJXg==,
      }

  '@algolia/client-common@4.24.0':
    resolution:
      {
        integrity: sha512-bc2ROsNL6w6rqpl5jj/UywlIYC21TwSSoFHKl01lYirGMW+9Eek6r02Tocg4gZ8HAw3iBvu6XQiM3BEbmEMoiA==,
      }

  '@algolia/client-personalization@4.24.0':
    resolution:
      {
        integrity: sha512-l5FRFm/yngztweU0HdUzz1rC4yoWCFo3IF+dVIVTfEPg906eZg5BOd1k0K6rZx5JzyyoP4LdmOikfkfGsKVE9w==,
      }

  '@algolia/client-search@4.24.0':
    resolution:
      {
        integrity: sha512-uRW6EpNapmLAD0mW47OXqTP8eiIx5F6qN9/x/7HHO6owL3N1IXqydGwW5nhDFBrV+ldouro2W1VX3XlcUXEFCA==,
      }

  '@algolia/logger-common@4.24.0':
    resolution:
      {
        integrity: sha512-LLUNjkahj9KtKYrQhFKCzMx0BY3RnNP4FEtO+sBybCjJ73E8jNdaKJ/Dd8A/VA4imVHP5tADZ8pn5B8Ga/wTMA==,
      }

  '@algolia/logger-console@4.24.0':
    resolution:
      {
        integrity: sha512-X4C8IoHgHfiUROfoRCV+lzSy+LHMgkoEEU1BbKcsfnV0i0S20zyy0NLww9dwVHUWNfPPxdMU+/wKmLGYf96yTg==,
      }

  '@algolia/recommend@4.24.0':
    resolution:
      {
        integrity: sha512-P9kcgerfVBpfYHDfVZDvvdJv0lEoCvzNlOy2nykyt5bK8TyieYyiD0lguIJdRZZYGre03WIAFf14pgE+V+IBlw==,
      }

  '@algolia/requester-browser-xhr@4.24.0':
    resolution:
      {
        integrity: sha512-Z2NxZMb6+nVXSjF13YpjYTdvV3032YTBSGm2vnYvYPA6mMxzM3v5rsCiSspndn9rzIW4Qp1lPHBvuoKJV6jnAA==,
      }

  '@algolia/requester-common@4.24.0':
    resolution:
      {
        integrity: sha512-k3CXJ2OVnvgE3HMwcojpvY6d9kgKMPRxs/kVohrwF5WMr2fnqojnycZkxPoEg+bXm8fi5BBfFmOqgYztRtHsQA==,
      }

  '@algolia/requester-node-http@4.24.0':
    resolution:
      {
        integrity: sha512-JF18yTjNOVYvU/L3UosRcvbPMGT9B+/GQWNWnenIImglzNVGpyzChkXLnrSf6uxwVNO6ESGu6oN8MqcGQcjQJw==,
      }

  '@algolia/transporter@4.24.0':
    resolution:
      {
        integrity: sha512-86nI7w6NzWxd1Zp9q3413dRshDqAzSbsQjhcDhPIatEFiZrL1/TjnHL8S7jVKFePlIMzDsZWXAXwXzcok9c5oA==,
      }

  '@isaacs/cliui@8.0.2':
    resolution:
      {
        integrity: sha512-O8jcjabXaleOG9DQ0+ARXWZBTfnP4WNAqzuiJK7ll44AmxGKv/J2M4TPjxjY3znBCfvBXFzucm1twdyFybFqEA==,
      }
    engines: { node: '>=12' }

  '@isaacs/fs-minipass@4.0.1':
    resolution:
      {
        integrity: sha512-wgm9Ehl2jpeqP3zw/7mo3kRHFp5MEDhqAdwy1fTGkHAwnkGOVsgpvQhL8B5n1qlb01jV3n/bI0ZfZp5lWA1k4w==,
      }
    engines: { node: '>=18.0.0' }

  '@pkgjs/parseargs@0.11.0':
    resolution:
      {
        integrity: sha512-+1VkjdD0QBLPodGrJUeqarH8VAIvQODIbwh9XpP5Syisf7YoQgsJKPNFoqqLQlu+VQ/tVSshMR6loPMn8U+dPg==,
      }
    engines: { node: '>=14' }

  '@supabase/auth-js@2.64.4':
    resolution:
      {
        integrity: sha512-9ITagy4WP4FLl+mke1rchapOH0RQpf++DI+WSG2sO1OFOZ0rW3cwAM0nCrMOxu+Zw4vJ4zObc08uvQrXx590Tg==,
      }

  '@supabase/functions-js@2.4.1':
    resolution:
      {
        integrity: sha512-8sZ2ibwHlf+WkHDUZJUXqqmPvWQ3UHN0W30behOJngVh/qHHekhJLCFbh0AjkE9/FqqXtf9eoVvmYgfCLk5tNA==,
      }

  '@supabase/node-fetch@2.6.15':
    resolution:
      {
        integrity: sha512-1ibVeYUacxWYi9i0cf5efil6adJ9WRyZBLivgjs+AUpewx1F3xPi7gLgaASI2SmIQxPoCEjAsLAzKPgMJVgOUQ==,
      }
    engines: { node: 4.x || >=6.0.0 }

  '@supabase/postgrest-js@1.15.8':
    resolution:
      {
        integrity: sha512-YunjXpoQjQ0a0/7vGAvGZA2dlMABXFdVI/8TuVKtlePxyT71sl6ERl6ay1fmIeZcqxiuFQuZw/LXUuStUG9bbg==,
      }

  '@supabase/realtime-js@2.10.2':
    resolution:
      {
        integrity: sha512-qyCQaNg90HmJstsvr2aJNxK2zgoKh9ZZA8oqb7UT2LCh3mj9zpa3Iwu167AuyNxsxrUE8eEJ2yH6wLCij4EApA==,
      }

  '@supabase/storage-js@2.6.0':
    resolution:
      {
        integrity: sha512-REAxr7myf+3utMkI2oOmZ6sdplMZZ71/2NEIEMBZHL9Fkmm3/JnaOZVSRqvG4LStYj2v5WhCruCzuMn6oD/Drw==,
      }

  '@supabase/supabase-js@2.45.0':
    resolution:
      {
        integrity: sha512-j66Mfs8RhzCQCKxKogAFQYH9oNhRmgIdKk6pexguI2Oc7hi+nL9UNJug5aL1tKnBdaBM3h65riPLQSdL6sWa3Q==,
      }

  '@types/node@22.0.0':
    resolution:
      {
        integrity: sha512-VT7KSYudcPOzP5Q0wfbowyNLaVR8QWUdw+088uFWwfvpY6uCWaXpqV6ieLAu9WBcnTa7H4Z5RLK8I5t2FuOcqw==,
      }

  '@types/phoenix@1.6.5':
    resolution:
      {
        integrity: sha512-xegpDuR+z0UqG9fwHqNoy3rI7JDlvaPh2TY47Fl80oq6g+hXT+c/LEuE43X48clZ6lOfANl5WrPur9fYO1RJ/w==,
      }

  '@types/ws@8.5.12':
    resolution:
      {
        integrity: sha512-3tPRkv1EtkDpzlgyKyI8pGsGZAGPEaXeu0DOj5DI25Ja91bdAYddYHbADRYVrZMRbfW+1l5YwXVDKohDJNQxkQ==,
      }

  agent-base@7.1.1:
    resolution:
      {
        integrity: sha512-H0TSyFNDMomMNJQBn8wFV5YC/2eJ+VXECwOadZJT554xP6cODZHPX3H9QMQECxvrgiSOP1pHjy1sMWQVYJOUOA==,
      }
    engines: { node: '>= 14' }

  algoliasearch@4.24.0:
    resolution:
      {
        integrity: sha512-bf0QV/9jVejssFBmz2HQLxUadxk574t4iwjCKp5E7NBzwKkrDEhKPISIIjAU/p6K5qDx3qoeh4+26zWN1jmw3g==,
      }

  ansi-regex@5.0.1:
    resolution:
      {
        integrity: sha512-quJQXlTSUGL2LH9SUXo8VwsY4soanhgo6LNSm84E1LBcE8s3O0wpdiRzyR9z/ZZJMlMWv37qOOb9pdJlMUEKFQ==,
      }
    engines: { node: '>=8' }

  ansi-regex@6.0.1:
    resolution:
      {
        integrity: sha512-n5M855fKb2SsfMIiFFoVrABHJC8QtHwVx+mHWP3QcEqBHYienj5dHSgjbxtC0WEZXYt4wcD6zrQElDPhFuZgfA==,
      }
    engines: { node: '>=12' }

  ansi-styles@4.3.0:
    resolution:
      {
        integrity: sha512-zbB9rCJAT1rbjiVDb2hqKFHNYLxgtk8NURxZ3IZwD3F6NtxbXZQCnnSi1Lkx+IDohdPlFp222wVALIheZJQSEg==,
      }
    engines: { node: '>=8' }

  ansi-styles@6.2.1:
    resolution:
      {
        integrity: sha512-bN798gFfQX+viw3R7yrGWRqnrN2oRkEkUjjl4JNn4E8GxxbjtG3FbrEIIY3l8/hrwUwIeCZvi4QuOTP4MErVug==,
      }
    engines: { node: '>=12' }

  balanced-match@1.0.2:
    resolution:
      {
        integrity: sha512-3oSeUO0TMV67hN1AmbXsK4yaqU7tjiHlbxRDZOpH0KW9+CeX4bRAaX0Anxt0tx2MrpRpWwQaPwIlISEJhYU5Pw==,
      }

  bin-links@4.0.4:
    resolution:
      {
        integrity: sha512-cMtq4W5ZsEwcutJrVId+a/tjt8GSbS+h0oNkdl6+6rBuEv8Ot33Bevj5KPm40t309zuhVic8NjpuL42QCiJWWA==,
      }
    engines: { node: ^14.17.0 || ^16.13.0 || >=18.0.0 }

  brace-expansion@2.0.1:
    resolution:
      {
        integrity: sha512-XnAIvQ8eM+kC6aULx6wuQiwVsnzsi9d3WxzV3FpWTGA19F621kwdbsAcFKXgKUHZWsy+mY6iL1sHTxWEFCytDA==,
      }

  chownr@3.0.0:
    resolution:
      {
        integrity: sha512-+IxzY9BZOQd/XuYPRmrvEVjF/nqj5kgT4kEq7VofrDoM1MxoRjEWkrCC3EtLi59TVawxTAn+orJwFQcrqEN1+g==,
      }
    engines: { node: '>=18' }

  cmd-shim@6.0.3:
    resolution:
      {
        integrity: sha512-FMabTRlc5t5zjdenF6mS0MBeFZm0XqHqeOkcskKFb/LYCcRQ5fVgLOHVc4Lq9CqABd9zhjwPjMBCJvMCziSVtA==,
      }
    engines: { node: ^14.17.0 || ^16.13.0 || >=18.0.0 }

  color-convert@2.0.1:
    resolution:
      {
        integrity: sha512-RRECPsj7iu/xb5oKYcsFHSppFNnsj/52OVTRKb4zP5onXwVF3zVmmToNcOfGC+CRDpfK/U584fMg38ZHCaElKQ==,
      }
    engines: { node: '>=7.0.0' }

  color-name@1.1.4:
    resolution:
      {
        integrity: sha512-dOy+3AuW3a2wNbZHIuMZpTcgjGuLU/uBL/ubcZF9OXbDo8ff4O8yVp5Bf0efS8uEoYo5q4Fx7dY9OgQGXgAsQA==,
      }

  cross-spawn@7.0.3:
    resolution:
      {
        integrity: sha512-iRDPJKUPVEND7dHPO8rkbOnPpyDygcDFtWjpeWNCgy8WP2rXcxXL8TskReQl6OrB2G7+UJrags1q15Fudc7G6w==,
      }
    engines: { node: '>= 8' }

  data-uri-to-buffer@4.0.1:
    resolution:
      {
        integrity: sha512-0R9ikRb668HB7QDxT1vkpuUBtqc53YyAwMwGeUFKRojY/NWKvdZ+9UYtRfGmhqNbRkTSVpMbmyhXipFFv2cb/A==,
      }
    engines: { node: '>= 12' }

  debug@4.3.6:
    resolution:
      {
        integrity: sha512-O/09Bd4Z1fBrU4VzkhFqVgpPzaGbw6Sm9FEkBT1A/YBXQFGuuSxa1dN2nxgxS34JmKXqYx8CZAwEVoJFImUXIg==,
      }
    engines: { node: '>=6.0' }
    peerDependencies:
      supports-color: '*'
    peerDependenciesMeta:
      supports-color:
        optional: true

  eastasianwidth@0.2.0:
    resolution:
      {
        integrity: sha512-I88TYZWc9XiYHRQ4/3c5rjjfgkjhLyW2luGIheGERbNQ6OY7yTybanSpDXZa8y7VUP9YmDcYa+eyq4ca7iLqWA==,
      }

  emoji-regex@8.0.0:
    resolution:
      {
        integrity: sha512-MSjYzcWNOA0ewAHpz0MxpYFvwg6yjy1NG3xteoqz644VCo/RPgnr1/GGt+ic3iJTzQ8Eu3TdM14SawnVUmGE6A==,
      }

  emoji-regex@9.2.2:
    resolution:
      {
        integrity: sha512-L18DaJsXSUk2+42pv8mLs5jJT2hqFkFE4j21wOmgbUqsZ2hL72NsUU785g9RXgo3s0ZNgVl42TiHp3ZtOv/Vyg==,
      }

  fetch-blob@3.2.0:
    resolution:
      {
        integrity: sha512-7yAQpD2UMJzLi1Dqv7qFYnPbaPx7ZfFK6PiIxQ4PfkGPyNyl2Ugx+a/umUonmKqjhM4DnfbMvdX6otXq83soQQ==,
      }
    engines: { node: ^12.20 || >= 14.13 }

  foreground-child@3.2.1:
    resolution:
      {
        integrity: sha512-PXUUyLqrR2XCWICfv6ukppP96sdFwWbNEnfEMt7jNsISjMsvaLNinAHNDYyvkyU+SZG2BTSbT5NjG+vZslfGTA==,
      }
    engines: { node: '>=14' }

  formdata-polyfill@4.0.10:
    resolution:
      {
        integrity: sha512-buewHzMvYL29jdeQTVILecSaZKnt/RJWjoZCF5OW60Z67/GmSLBkOFM7qh1PI3zFNtJbaZL5eQu1vLfazOwj4g==,
      }
    engines: { node: '>=12.20.0' }

  glob@10.4.5:
    resolution:
      {
        integrity: sha512-7Bv8RF0k6xjo7d4A/PxYLbUCfb6c+Vpd2/mB2yRDlew7Jb5hEXiCD9ibfO7wpk8i4sevK6DFny9h7EYbM3/sHg==,
      }
    hasBin: true

  https-proxy-agent@7.0.5:
    resolution:
      {
        integrity: sha512-1e4Wqeblerz+tMKPIq2EMGiiWW1dIjZOksyHWSUm1rmuvw/how9hBHZ38lAGj5ID4Ik6EdkOw7NmWPy6LAwalw==,
      }
    engines: { node: '>= 14' }

  imurmurhash@0.1.4:
    resolution:
      {
        integrity: sha512-JmXMZ6wuvDmLiHEml9ykzqO6lwFbof0GG4IkcGaENdCRDDmMVnny7s5HsIgHCbaq0w2MyPhDqkhTUgS2LU2PHA==,
      }
    engines: { node: '>=0.8.19' }

  is-fullwidth-code-point@3.0.0:
    resolution:
      {
        integrity: sha512-zymm5+u+sCsSWyD9qNaejV3DFvhCKclKdizYaJUuHA83RLjb7nSuGnddCHGv0hk+KY7BMAlsWeK4Ueg6EV6XQg==,
      }
    engines: { node: '>=8' }

  isexe@2.0.0:
    resolution:
      {
        integrity: sha512-RHxMLp9lnKHGHRng9QFhRCMbYAcVpn69smSGcq3f36xjgVVWThj4qqLbTLlq7Ssj8B+fIQ1EuCEGI2lKsyQeIw==,
      }

  jackspeak@3.4.3:
    resolution:
      {
        integrity: sha512-OGlZQpz2yfahA/Rd1Y8Cd9SIEsqvXkLVoSw/cgwhnhFMDbsQFeZYoJJ7bIZBS9BcamUW96asq/npPWugM+RQBw==,
      }

  lru-cache@10.4.3:
    resolution:
      {
        integrity: sha512-JNAzZcXrCt42VGLuYz0zfAzDfAvJWW6AfYlDBQyDV5DClI2m5sAmK+OIO7s59XfsRsWHp02jAJrRadPRGTt6SQ==,
      }

  minimatch@9.0.5:
    resolution:
      {
        integrity: sha512-G6T0ZX48xgozx7587koeX9Ys2NYy6Gmv//P89sEte9V9whIapMNF4idKxnW2QtCcLiTWlb/wfCabAtAFWhhBow==,
      }
    engines: { node: '>=16 || 14 >=14.17' }

  minipass@7.1.2:
    resolution:
      {
        integrity: sha512-qOOzS1cBTWYF4BH8fVePDBOO9iptMnGUEZwNc/cMWnTV2nVLZ7VoNWEPHkYczZA0pdoA7dl6e7FL659nX9S2aw==,
      }
    engines: { node: '>=16 || 14 >=14.17' }

  minizlib@3.0.1:
    resolution:
      {
        integrity: sha512-umcy022ILvb5/3Djuu8LWeqUa8D68JaBzlttKeMWen48SjabqS3iY5w/vzeMzMUNhLDifyhbOwKDSznB1vvrwg==,
      }
    engines: { node: '>= 18' }

  mkdirp@3.0.1:
    resolution:
      {
        integrity: sha512-+NsyUUAZDmo6YVHzL/stxSu3t9YS1iljliy3BSDrXJ/dkn1KYdmtZODGGjLcc9XLgVVpH4KshHB8XmZgMhaBXg==,
      }
    engines: { node: '>=10' }
    hasBin: true

  ms@2.1.2:
    resolution:
      {
        integrity: sha512-sGkPx+VjMtmA6MX27oA4FBFELFCZZ4S4XqeGOXCv68tT+jb3vk/RyaKWP0PTKyWtmLSM0b+adUTEvbs1PEaH2w==,
      }

  node-domexception@1.0.0:
    resolution:
      {
        integrity: sha512-/jKZoMpw0F8GRwl4/eLROPA3cfcXtLApP0QzLmUT/HuPCZWyB7IY9ZrMeKw2O/nFIqPQB3PVM9aYm0F312AXDQ==,
      }
    engines: { node: '>=10.5.0' }

  node-fetch@3.3.2:
    resolution:
      {
        integrity: sha512-dRB78srN/l6gqWulah9SrxeYnxeddIG30+GOqK/9OlLVyLg3HPnr6SqOWTWOXKRwC2eGYCkZ59NNuSgvSrpgOA==,
      }
    engines: { node: ^12.20.0 || ^14.13.1 || >=16.0.0 }

  npm-normalize-package-bin@3.0.1:
    resolution:
      {
        integrity: sha512-dMxCf+zZ+3zeQZXKxmyuCKlIDPGuv8EF940xbkC4kQVDTtqoh6rJFO+JTKSA6/Rwi0getWmtuy4Itup0AMcaDQ==,
      }
    engines: { node: ^14.17.0 || ^16.13.0 || >=18.0.0 }

  package-json-from-dist@1.0.0:
    resolution:
      {
        integrity: sha512-dATvCeZN/8wQsGywez1mzHtTlP22H8OEfPrVMLNr4/eGa+ijtLn/6M5f0dY8UKNrC2O9UCU6SSoG3qRKnt7STw==,
      }

  path-key@3.1.1:
    resolution:
      {
        integrity: sha512-ojmeN0qd+y0jszEtoY48r0Peq5dwMEkIlCOu6Q5f41lfkswXuKtYrhgoTpLnyIcHm24Uhqx+5Tqm2InSwLhE6Q==,
      }
    engines: { node: '>=8' }

  path-scurry@1.11.1:
    resolution:
      {
        integrity: sha512-Xa4Nw17FS9ApQFJ9umLiJS4orGjm7ZzwUrwamcGQuHSzDyth9boKDaycYdDcZDuqYATXw4HFXgaqWTctW/v1HA==,
      }
    engines: { node: '>=16 || 14 >=14.18' }

  read-cmd-shim@4.0.0:
    resolution:
      {
        integrity: sha512-yILWifhaSEEytfXI76kB9xEEiG1AiozaCJZ83A87ytjRiN+jVibXjedjCRNjoZviinhG+4UkalO3mWTd8u5O0Q==,
      }
    engines: { node: ^14.17.0 || ^16.13.0 || >=18.0.0 }

  rimraf@5.0.10:
    resolution:
      {
        integrity: sha512-l0OE8wL34P4nJH/H2ffoaniAokM2qSmrtXHmlpvYr5AVVX8msAyW0l8NVJFDxlSK4u3Uh/f41cQheDVdnYijwQ==,
      }
    hasBin: true

  shebang-command@2.0.0:
    resolution:
      {
        integrity: sha512-kHxr2zZpYtdmrN1qDjrrX/Z1rR1kG8Dx+gkpK1G4eXmvXswmcE1hTWBWYUzlraYw1/yZp6YuDY77YtvbN0dmDA==,
      }
    engines: { node: '>=8' }

  shebang-regex@3.0.0:
    resolution:
      {
        integrity: sha512-7++dFhtcx3353uBaq8DDR4NuxBetBzC7ZQOhmTQInHEd6bSrXdiEyzCvG07Z44UYdLShWUyXt5M/yhz8ekcb1A==,
      }
    engines: { node: '>=8' }

  signal-exit@4.1.0:
    resolution:
      {
        integrity: sha512-bzyZ1e88w9O1iNJbKnOlvYTrWPDl46O1bG0D3XInv+9tkPrxrN8jUUTiFlDkkmKWgn1M6CfIA13SuGqOa9Korw==,
      }
    engines: { node: '>=14' }

  string-width@4.2.3:
    resolution:
      {
        integrity: sha512-wKyQRQpjJ0sIp62ErSZdGsjMJWsap5oRNihHhu6G7JVO/9jIB6UyevL+tXuOqrng8j/cxKTWyWUwvSTriiZz/g==,
      }
    engines: { node: '>=8' }

  string-width@5.1.2:
    resolution:
      {
        integrity: sha512-HnLOCR3vjcY8beoNLtcjZ5/nxn2afmME6lhrDrebokqMap+XbeW8n9TXpPDOqdGK5qcI3oT0GKTW6wC7EMiVqA==,
      }
    engines: { node: '>=12' }

  strip-ansi@6.0.1:
    resolution:
      {
        integrity: sha512-Y38VPSHcqkFrCpFnQ9vuSXmquuv5oXOKpGeT6aGrr3o3Gc9AlVa6JBfUSOCnbxGGZF+/0ooI7KrPuUSztUdU5A==,
      }
    engines: { node: '>=8' }

  strip-ansi@7.1.0:
    resolution:
      {
        integrity: sha512-iq6eVVI64nQQTRYq2KtEg2d2uU7LElhTJwsH4YzIHZshxlgZms/wIc4VoDQTlG/IvVIrBKG06CrZnp0qv7hkcQ==,
      }
    engines: { node: '>=12' }

  supabase@1.187.10:
    resolution:
      {
        integrity: sha512-7Nc50xN0k/G5fX3bpa+ZaulBoK/i5jwdjXhiNzyZhUf8qEWQnSsT1LTidCvpzuGt+8Gi6G3aMAh/5GlRdBLIoQ==,
      }
    engines: { npm: '>=8' }
    hasBin: true

  tar@7.4.3:
    resolution:
      {
        integrity: sha512-5S7Va8hKfV7W5U6g3aYxXmlPoZVAwUMy9AOKyF2fVuZa2UD3qZjg578OrLRt8PcNN1PleVaL/5/yYATNL0ICUw==,
      }
    engines: { node: '>=18' }

  tr46@0.0.3:
    resolution:
      {
        integrity: sha512-N3WMsuqV66lT30CrXNbEjx4GEwlow3v6rr4mCcv6prnfwhS01rkgyFdjPNBYd9br7LpXV1+Emh01fHnq2Gdgrw==,
      }

  undici-types@6.11.1:
    resolution:
      {
        integrity: sha512-mIDEX2ek50x0OlRgxryxsenE5XaQD4on5U2inY7RApK3SOJpofyw7uW2AyfMKkhAxXIceo2DeWGVGwyvng1GNQ==,
      }

  web-streams-polyfill@3.3.3:
    resolution:
      {
        integrity: sha512-d2JWLCivmZYTSIoge9MsgFCZrt571BikcWGYkjC1khllbTeDlGqZ2D8vD8E/lJa8WGWbb7Plm8/XJYV7IJHZZw==,
      }
    engines: { node: '>= 8' }

  webidl-conversions@3.0.1:
    resolution:
      {
        integrity: sha512-2JAn3z8AR6rjK8Sm8orRC0h/bcl/DqL7tRPdGZ4I1CjdF+EaMLmYxBHyXuKL849eucPFhvBoxMsflfOb8kxaeQ==,
      }

  whatwg-url@5.0.0:
    resolution:
      {
        integrity: sha512-saE57nupxk6v3HY35+jzBwYa0rKSy0XR8JSxZPwgLr7ys0IBzhGviA1/TUGJLmSVqs8pb9AnvICXEuOHLprYTw==,
      }

  which@2.0.2:
    resolution:
      {
        integrity: sha512-BLI3Tl1TW3Pvl70l3yq3Y64i+awpwXqsGBYWkkqMtnbXgrMD+yj7rhW0kuEDxzJaYXGjEW5ogapKNMEKNMjibA==,
      }
    engines: { node: '>= 8' }
    hasBin: true

  wrap-ansi@7.0.0:
    resolution:
      {
        integrity: sha512-YVGIj2kamLSTxw6NsZjoBxfSwsn0ycdesmc4p+Q21c5zPuZ1pl+NfxVdxPtdHvmNVOQ6XSYG4AUtyt/Fi7D16Q==,
      }
    engines: { node: '>=10' }

  wrap-ansi@8.1.0:
    resolution:
      {
        integrity: sha512-si7QWI6zUMq56bESFvagtmzMdGOtoxfR+Sez11Mobfc7tm+VkUckk9bW2UeffTGVUbOksxmSw0AA2gs8g71NCQ==,
      }
    engines: { node: '>=12' }

  write-file-atomic@5.0.1:
    resolution:
      {
        integrity: sha512-+QU2zd6OTD8XWIJCbffaiQeH9U73qIqafo1x6V1snCWYGJf6cVE0cDR4D8xRzcEnfI21IFrUPzPGtcPf8AC+Rw==,
      }
    engines: { node: ^14.17.0 || ^16.13.0 || >=18.0.0 }

  ws@8.18.0:
    resolution:
      {
        integrity: sha512-8VbfWfHLbbwu3+N6OKsOMpBdT4kXPDDB9cJk2bJ6mh9ucxdlnNvH1e+roYkKmN9Nxw2yjz7VzeO9oOz2zJ04Pw==,
      }
    engines: { node: '>=10.0.0' }
    peerDependencies:
      bufferutil: ^4.0.1
      utf-8-validate: '>=5.0.2'
    peerDependenciesMeta:
      bufferutil:
        optional: true
      utf-8-validate:
        optional: true

  yallist@5.0.0:
    resolution:
      {
        integrity: sha512-YgvUTfwqyc7UXVMrB+SImsVYSmTS8X/tSrtdNZMImM+n7+QTriRXyXim0mBrTXNeqzVF0KWGgHPeiyViFFrNDw==,
      }
    engines: { node: '>=18' }

snapshots:
  '@algolia/cache-browser-local-storage@4.24.0':
    dependencies:
      '@algolia/cache-common': 4.24.0

  '@algolia/cache-common@4.24.0': {}

  '@algolia/cache-in-memory@4.24.0':
    dependencies:
      '@algolia/cache-common': 4.24.0

  '@algolia/client-account@4.24.0':
    dependencies:
      '@algolia/client-common': 4.24.0
      '@algolia/client-search': 4.24.0
      '@algolia/transporter': 4.24.0

  '@algolia/client-analytics@4.24.0':
    dependencies:
      '@algolia/client-common': 4.24.0
      '@algolia/client-search': 4.24.0
      '@algolia/requester-common': 4.24.0
      '@algolia/transporter': 4.24.0

  '@algolia/client-common@4.24.0':
    dependencies:
      '@algolia/requester-common': 4.24.0
      '@algolia/transporter': 4.24.0

  '@algolia/client-personalization@4.24.0':
    dependencies:
      '@algolia/client-common': 4.24.0
      '@algolia/requester-common': 4.24.0
      '@algolia/transporter': 4.24.0

  '@algolia/client-search@4.24.0':
    dependencies:
      '@algolia/client-common': 4.24.0
      '@algolia/requester-common': 4.24.0
      '@algolia/transporter': 4.24.0

  '@algolia/logger-common@4.24.0': {}

  '@algolia/logger-console@4.24.0':
    dependencies:
      '@algolia/logger-common': 4.24.0

  '@algolia/recommend@4.24.0':
    dependencies:
      '@algolia/cache-browser-local-storage': 4.24.0
      '@algolia/cache-common': 4.24.0
      '@algolia/cache-in-memory': 4.24.0
      '@algolia/client-common': 4.24.0
      '@algolia/client-search': 4.24.0
      '@algolia/logger-common': 4.24.0
      '@algolia/logger-console': 4.24.0
      '@algolia/requester-browser-xhr': 4.24.0
      '@algolia/requester-common': 4.24.0
      '@algolia/requester-node-http': 4.24.0
      '@algolia/transporter': 4.24.0

  '@algolia/requester-browser-xhr@4.24.0':
    dependencies:
      '@algolia/requester-common': 4.24.0

  '@algolia/requester-common@4.24.0': {}

  '@algolia/requester-node-http@4.24.0':
    dependencies:
      '@algolia/requester-common': 4.24.0

  '@algolia/transporter@4.24.0':
    dependencies:
      '@algolia/cache-common': 4.24.0
      '@algolia/logger-common': 4.24.0
      '@algolia/requester-common': 4.24.0

  '@isaacs/cliui@8.0.2':
    dependencies:
      string-width: 5.1.2
      string-width-cjs: string-width@4.2.3
      strip-ansi: 7.1.0
      strip-ansi-cjs: strip-ansi@6.0.1
      wrap-ansi: 8.1.0
      wrap-ansi-cjs: wrap-ansi@7.0.0

  '@isaacs/fs-minipass@4.0.1':
    dependencies:
      minipass: 7.1.2

  '@pkgjs/parseargs@0.11.0':
    optional: true

  '@supabase/auth-js@2.64.4':
    dependencies:
      '@supabase/node-fetch': 2.6.15

  '@supabase/functions-js@2.4.1':
    dependencies:
      '@supabase/node-fetch': 2.6.15

  '@supabase/node-fetch@2.6.15':
    dependencies:
      whatwg-url: 5.0.0

  '@supabase/postgrest-js@1.15.8':
    dependencies:
      '@supabase/node-fetch': 2.6.15

  '@supabase/realtime-js@2.10.2':
    dependencies:
      '@supabase/node-fetch': 2.6.15
      '@types/phoenix': 1.6.5
      '@types/ws': 8.5.12
      ws: 8.18.0
    transitivePeerDependencies:
      - bufferutil
      - utf-8-validate

  '@supabase/storage-js@2.6.0':
    dependencies:
      '@supabase/node-fetch': 2.6.15

  '@supabase/supabase-js@2.45.0':
    dependencies:
      '@supabase/auth-js': 2.64.4
      '@supabase/functions-js': 2.4.1
      '@supabase/node-fetch': 2.6.15
      '@supabase/postgrest-js': 1.15.8
      '@supabase/realtime-js': 2.10.2
      '@supabase/storage-js': 2.6.0
    transitivePeerDependencies:
      - bufferutil
      - utf-8-validate

  '@types/node@22.0.0':
    dependencies:
      undici-types: 6.11.1

  '@types/phoenix@1.6.5': {}

  '@types/ws@8.5.12':
    dependencies:
      '@types/node': 22.0.0

  agent-base@7.1.1:
    dependencies:
      debug: 4.3.6
    transitivePeerDependencies:
      - supports-color

  algoliasearch@4.24.0:
    dependencies:
      '@algolia/cache-browser-local-storage': 4.24.0
      '@algolia/cache-common': 4.24.0
      '@algolia/cache-in-memory': 4.24.0
      '@algolia/client-account': 4.24.0
      '@algolia/client-analytics': 4.24.0
      '@algolia/client-common': 4.24.0
      '@algolia/client-personalization': 4.24.0
      '@algolia/client-search': 4.24.0
      '@algolia/logger-common': 4.24.0
      '@algolia/logger-console': 4.24.0
      '@algolia/recommend': 4.24.0
      '@algolia/requester-browser-xhr': 4.24.0
      '@algolia/requester-common': 4.24.0
      '@algolia/requester-node-http': 4.24.0
      '@algolia/transporter': 4.24.0

  ansi-regex@5.0.1: {}

  ansi-regex@6.0.1: {}

  ansi-styles@4.3.0:
    dependencies:
      color-convert: 2.0.1

  ansi-styles@6.2.1: {}

  balanced-match@1.0.2: {}

  bin-links@4.0.4:
    dependencies:
      cmd-shim: 6.0.3
      npm-normalize-package-bin: 3.0.1
      read-cmd-shim: 4.0.0
      write-file-atomic: 5.0.1

  brace-expansion@2.0.1:
    dependencies:
      balanced-match: 1.0.2

  chownr@3.0.0: {}

  cmd-shim@6.0.3: {}

  color-convert@2.0.1:
    dependencies:
      color-name: 1.1.4

  color-name@1.1.4: {}

  cross-spawn@7.0.3:
    dependencies:
      path-key: 3.1.1
      shebang-command: 2.0.0
      which: 2.0.2

  data-uri-to-buffer@4.0.1: {}

  debug@4.3.6:
    dependencies:
      ms: 2.1.2

  eastasianwidth@0.2.0: {}

  emoji-regex@8.0.0: {}

  emoji-regex@9.2.2: {}

  fetch-blob@3.2.0:
    dependencies:
      node-domexception: 1.0.0
      web-streams-polyfill: 3.3.3

  foreground-child@3.2.1:
    dependencies:
      cross-spawn: 7.0.3
      signal-exit: 4.1.0

  formdata-polyfill@4.0.10:
    dependencies:
      fetch-blob: 3.2.0

  glob@10.4.5:
    dependencies:
      foreground-child: 3.2.1
      jackspeak: 3.4.3
      minimatch: 9.0.5
      minipass: 7.1.2
      package-json-from-dist: 1.0.0
      path-scurry: 1.11.1

  https-proxy-agent@7.0.5:
    dependencies:
      agent-base: 7.1.1
      debug: 4.3.6
    transitivePeerDependencies:
      - supports-color

  imurmurhash@0.1.4: {}

  is-fullwidth-code-point@3.0.0: {}

  isexe@2.0.0: {}

  jackspeak@3.4.3:
    dependencies:
      '@isaacs/cliui': 8.0.2
    optionalDependencies:
      '@pkgjs/parseargs': 0.11.0

  lru-cache@10.4.3: {}

  minimatch@9.0.5:
    dependencies:
      brace-expansion: 2.0.1

  minipass@7.1.2: {}

  minizlib@3.0.1:
    dependencies:
      minipass: 7.1.2
      rimraf: 5.0.10

  mkdirp@3.0.1: {}

  ms@2.1.2: {}

  node-domexception@1.0.0: {}

  node-fetch@3.3.2:
    dependencies:
      data-uri-to-buffer: 4.0.1
      fetch-blob: 3.2.0
      formdata-polyfill: 4.0.10

  npm-normalize-package-bin@3.0.1: {}

  package-json-from-dist@1.0.0: {}

  path-key@3.1.1: {}

  path-scurry@1.11.1:
    dependencies:
      lru-cache: 10.4.3
      minipass: 7.1.2

  read-cmd-shim@4.0.0: {}

  rimraf@5.0.10:
    dependencies:
      glob: 10.4.5

  shebang-command@2.0.0:
    dependencies:
      shebang-regex: 3.0.0

  shebang-regex@3.0.0: {}

  signal-exit@4.1.0: {}

  string-width@4.2.3:
    dependencies:
      emoji-regex: 8.0.0
      is-fullwidth-code-point: 3.0.0
      strip-ansi: 6.0.1

  string-width@5.1.2:
    dependencies:
      eastasianwidth: 0.2.0
      emoji-regex: 9.2.2
      strip-ansi: 7.1.0

  strip-ansi@6.0.1:
    dependencies:
      ansi-regex: 5.0.1

  strip-ansi@7.1.0:
    dependencies:
      ansi-regex: 6.0.1

  supabase@1.187.10:
    dependencies:
      bin-links: 4.0.4
      https-proxy-agent: 7.0.5
      node-fetch: 3.3.2
      tar: 7.4.3
    transitivePeerDependencies:
      - supports-color

  tar@7.4.3:
    dependencies:
      '@isaacs/fs-minipass': 4.0.1
      chownr: 3.0.0
      minipass: 7.1.2
      minizlib: 3.0.1
      mkdirp: 3.0.1
      yallist: 5.0.0

  tr46@0.0.3: {}

  undici-types@6.11.1: {}

  web-streams-polyfill@3.3.3: {}

  webidl-conversions@3.0.1: {}

  whatwg-url@5.0.0:
    dependencies:
      tr46: 0.0.3
      webidl-conversions: 3.0.1

  which@2.0.2:
    dependencies:
      isexe: 2.0.0

  wrap-ansi@7.0.0:
    dependencies:
      ansi-styles: 4.3.0
      string-width: 4.2.3
      strip-ansi: 6.0.1

  wrap-ansi@8.1.0:
    dependencies:
      ansi-styles: 6.2.1
      string-width: 5.1.2
      strip-ansi: 7.1.0

  write-file-atomic@5.0.1:
    dependencies:
      imurmurhash: 0.1.4
      signal-exit: 4.1.0

  ws@8.18.0: {}

  yallist@5.0.0: {}
