lockfileVersion: '9.0'

settings:
  autoInstallPeers: true
  excludeLinksFromLockfile: false

importers:

  .:
    dependencies:
      '@supabase/supabase-js':
        specifier: ^2.45.0
        version: 2.45.6
      algoliasearch:
        specifier: ^4.24.0
        version: 4.24.0

packages:

  '@algolia/cache-browser-local-storage@4.24.0':
    resolution: {integrity: sha512-t63W9BnoXVrGy9iYHBgObNXqYXM3tYXCjDSHeNwnsc324r4o5UiVKUiAB4THQ5z9U5hTj6qUvwg/Ez43ZD85ww==}

  '@algolia/cache-common@4.24.0':
    resolution: {integrity: sha512-emi+v+DmVLpMGhp0V9q9h5CdkURsNmFC+cOS6uK9ndeJm9J4TiqSvPYVu+THUP8P/S08rxf5x2P+p3CfID0Y4g==}

  '@algolia/cache-in-memory@4.24.0':
    resolution: {integrity: sha512-gDrt2so19jW26jY3/MkFg5mEypFIPbPoXsQGQWAi6TrCPsNOSEYepBMPlucqWigsmEy/prp5ug2jy/N3PVG/8w==}

  '@algolia/client-account@4.24.0':
    resolution: {integrity: sha512-adcvyJ3KjPZFDybxlqnf+5KgxJtBjwTPTeyG2aOyoJvx0Y8dUQAEOEVOJ/GBxX0WWNbmaSrhDURMhc+QeevDsA==}

  '@algolia/client-analytics@4.24.0':
    resolution: {integrity: sha512-y8jOZt1OjwWU4N2qr8G4AxXAzaa8DBvyHTWlHzX/7Me1LX8OayfgHexqrsL4vSBcoMmVw2XnVW9MhL+Y2ZDJXg==}

  '@algolia/client-common@4.24.0':
    resolution: {integrity: sha512-bc2ROsNL6w6rqpl5jj/UywlIYC21TwSSoFHKl01lYirGMW+9Eek6r02Tocg4gZ8HAw3iBvu6XQiM3BEbmEMoiA==}

  '@algolia/client-personalization@4.24.0':
    resolution: {integrity: sha512-l5FRFm/yngztweU0HdUzz1rC4yoWCFo3IF+dVIVTfEPg906eZg5BOd1k0K6rZx5JzyyoP4LdmOikfkfGsKVE9w==}

  '@algolia/client-search@4.24.0':
    resolution: {integrity: sha512-uRW6EpNapmLAD0mW47OXqTP8eiIx5F6qN9/x/7HHO6owL3N1IXqydGwW5nhDFBrV+ldouro2W1VX3XlcUXEFCA==}

  '@algolia/logger-common@4.24.0':
    resolution: {integrity: sha512-LLUNjkahj9KtKYrQhFKCzMx0BY3RnNP4FEtO+sBybCjJ73E8jNdaKJ/Dd8A/VA4imVHP5tADZ8pn5B8Ga/wTMA==}

  '@algolia/logger-console@4.24.0':
    resolution: {integrity: sha512-X4C8IoHgHfiUROfoRCV+lzSy+LHMgkoEEU1BbKcsfnV0i0S20zyy0NLww9dwVHUWNfPPxdMU+/wKmLGYf96yTg==}

  '@algolia/recommend@4.24.0':
    resolution: {integrity: sha512-P9kcgerfVBpfYHDfVZDvvdJv0lEoCvzNlOy2nykyt5bK8TyieYyiD0lguIJdRZZYGre03WIAFf14pgE+V+IBlw==}

  '@algolia/requester-browser-xhr@4.24.0':
    resolution: {integrity: sha512-Z2NxZMb6+nVXSjF13YpjYTdvV3032YTBSGm2vnYvYPA6mMxzM3v5rsCiSspndn9rzIW4Qp1lPHBvuoKJV6jnAA==}

  '@algolia/requester-common@4.24.0':
    resolution: {integrity: sha512-k3CXJ2OVnvgE3HMwcojpvY6d9kgKMPRxs/kVohrwF5WMr2fnqojnycZkxPoEg+bXm8fi5BBfFmOqgYztRtHsQA==}

  '@algolia/requester-node-http@4.24.0':
    resolution: {integrity: sha512-JF18yTjNOVYvU/L3UosRcvbPMGT9B+/GQWNWnenIImglzNVGpyzChkXLnrSf6uxwVNO6ESGu6oN8MqcGQcjQJw==}

  '@algolia/transporter@4.24.0':
    resolution: {integrity: sha512-86nI7w6NzWxd1Zp9q3413dRshDqAzSbsQjhcDhPIatEFiZrL1/TjnHL8S7jVKFePlIMzDsZWXAXwXzcok9c5oA==}

  '@supabase/auth-js@2.65.1':
    resolution: {integrity: sha512-IA7i2Xq2SWNCNMKxwmPlHafBQda0qtnFr8QnyyBr+KaSxoXXqEzFCnQ1dGTy6bsZjVBgXu++o3qrDypTspaAPw==}

  '@supabase/functions-js@2.4.3':
    resolution: {integrity: sha512-sOLXy+mWRyu4LLv1onYydq+10mNRQ4rzqQxNhbrKLTLTcdcmS9hbWif0bGz/NavmiQfPs4ZcmQJp4WqOXlR4AQ==}

  '@supabase/node-fetch@2.6.15':
    resolution: {integrity: sha512-1ibVeYUacxWYi9i0cf5efil6adJ9WRyZBLivgjs+AUpewx1F3xPi7gLgaASI2SmIQxPoCEjAsLAzKPgMJVgOUQ==}
    engines: {node: 4.x || >=6.0.0}

  '@supabase/postgrest-js@1.16.3':
    resolution: {integrity: sha512-HI6dsbW68AKlOPofUjDTaosiDBCtW4XAm0D18pPwxoW3zKOE2Ru13Z69Wuys9fd6iTpfDViNco5sgrtnP0666A==}

  '@supabase/realtime-js@2.10.7':
    resolution: {integrity: sha512-OLI0hiSAqQSqRpGMTUwoIWo51eUivSYlaNBgxsXZE7PSoWh12wPRdVt0psUMaUzEonSB85K21wGc7W5jHnT6uA==}

  '@supabase/storage-js@2.7.1':
    resolution: {integrity: sha512-asYHcyDR1fKqrMpytAS1zjyEfvxuOIp1CIXX7ji4lHHcJKqyk+sLl/Vxgm4sN6u8zvuUtae9e4kDxQP2qrwWBA==}

  '@supabase/supabase-js@2.45.6':
    resolution: {integrity: sha512-qVXSSUhhIqdFnF2VUGgeecPvw1cDW6+avcTbRgur4LaGnzrJCbM3Rx7g81/SSZjjeqYOtmHuKWhiHzV/EN8Ktw==}

  '@types/node@22.7.7':
    resolution: {integrity: sha512-SRxCrrg9CL/y54aiMCG3edPKdprgMVGDXjA3gB8UmmBW5TcXzRUYAh8EWzTnSJFAd1rgImPELza+A3bJ+qxz8Q==}

  '@types/phoenix@1.6.5':
    resolution: {integrity: sha512-xegpDuR+z0UqG9fwHqNoy3rI7JDlvaPh2TY47Fl80oq6g+hXT+c/LEuE43X48clZ6lOfANl5WrPur9fYO1RJ/w==}

  '@types/ws@8.5.12':
    resolution: {integrity: sha512-3tPRkv1EtkDpzlgyKyI8pGsGZAGPEaXeu0DOj5DI25Ja91bdAYddYHbADRYVrZMRbfW+1l5YwXVDKohDJNQxkQ==}

  algoliasearch@4.24.0:
    resolution: {integrity: sha512-bf0QV/9jVejssFBmz2HQLxUadxk574t4iwjCKp5E7NBzwKkrDEhKPISIIjAU/p6K5qDx3qoeh4+26zWN1jmw3g==}

  tr46@0.0.3:
    resolution: {integrity: sha512-N3WMsuqV66lT30CrXNbEjx4GEwlow3v6rr4mCcv6prnfwhS01rkgyFdjPNBYd9br7LpXV1+Emh01fHnq2Gdgrw==}

  undici-types@6.19.8:
    resolution: {integrity: sha512-ve2KP6f/JnbPBFyobGHuerC9g1FYGn/F8n1LWTwNxCEzd6IfqTwUQcNXgEtmmQ6DlRrC1hrSrBnCZPokRrDHjw==}

  webidl-conversions@3.0.1:
    resolution: {integrity: sha512-2JAn3z8AR6rjK8Sm8orRC0h/bcl/DqL7tRPdGZ4I1CjdF+EaMLmYxBHyXuKL849eucPFhvBoxMsflfOb8kxaeQ==}

  whatwg-url@5.0.0:
    resolution: {integrity: sha512-saE57nupxk6v3HY35+jzBwYa0rKSy0XR8JSxZPwgLr7ys0IBzhGviA1/TUGJLmSVqs8pb9AnvICXEuOHLprYTw==}

  ws@8.18.0:
    resolution: {integrity: sha512-8VbfWfHLbbwu3+N6OKsOMpBdT4kXPDDB9cJk2bJ6mh9ucxdlnNvH1e+roYkKmN9Nxw2yjz7VzeO9oOz2zJ04Pw==}
    engines: {node: '>=10.0.0'}
    peerDependencies:
      bufferutil: ^4.0.1
      utf-8-validate: '>=5.0.2'
    peerDependenciesMeta:
      bufferutil:
        optional: true
      utf-8-validate:
        optional: true

snapshots:

  '@algolia/cache-browser-local-storage@4.24.0':
    dependencies:
      '@algolia/cache-common': 4.24.0

  '@algolia/cache-common@4.24.0': {}

  '@algolia/cache-in-memory@4.24.0':
    dependencies:
      '@algolia/cache-common': 4.24.0

  '@algolia/client-account@4.24.0':
    dependencies:
      '@algolia/client-common': 4.24.0
      '@algolia/client-search': 4.24.0
      '@algolia/transporter': 4.24.0

  '@algolia/client-analytics@4.24.0':
    dependencies:
      '@algolia/client-common': 4.24.0
      '@algolia/client-search': 4.24.0
      '@algolia/requester-common': 4.24.0
      '@algolia/transporter': 4.24.0

  '@algolia/client-common@4.24.0':
    dependencies:
      '@algolia/requester-common': 4.24.0
      '@algolia/transporter': 4.24.0

  '@algolia/client-personalization@4.24.0':
    dependencies:
      '@algolia/client-common': 4.24.0
      '@algolia/requester-common': 4.24.0
      '@algolia/transporter': 4.24.0

  '@algolia/client-search@4.24.0':
    dependencies:
      '@algolia/client-common': 4.24.0
      '@algolia/requester-common': 4.24.0
      '@algolia/transporter': 4.24.0

  '@algolia/logger-common@4.24.0': {}

  '@algolia/logger-console@4.24.0':
    dependencies:
      '@algolia/logger-common': 4.24.0

  '@algolia/recommend@4.24.0':
    dependencies:
      '@algolia/cache-browser-local-storage': 4.24.0
      '@algolia/cache-common': 4.24.0
      '@algolia/cache-in-memory': 4.24.0
      '@algolia/client-common': 4.24.0
      '@algolia/client-search': 4.24.0
      '@algolia/logger-common': 4.24.0
      '@algolia/logger-console': 4.24.0
      '@algolia/requester-browser-xhr': 4.24.0
      '@algolia/requester-common': 4.24.0
      '@algolia/requester-node-http': 4.24.0
      '@algolia/transporter': 4.24.0

  '@algolia/requester-browser-xhr@4.24.0':
    dependencies:
      '@algolia/requester-common': 4.24.0

  '@algolia/requester-common@4.24.0': {}

  '@algolia/requester-node-http@4.24.0':
    dependencies:
      '@algolia/requester-common': 4.24.0

  '@algolia/transporter@4.24.0':
    dependencies:
      '@algolia/cache-common': 4.24.0
      '@algolia/logger-common': 4.24.0
      '@algolia/requester-common': 4.24.0

  '@supabase/auth-js@2.65.1':
    dependencies:
      '@supabase/node-fetch': 2.6.15

  '@supabase/functions-js@2.4.3':
    dependencies:
      '@supabase/node-fetch': 2.6.15

  '@supabase/node-fetch@2.6.15':
    dependencies:
      whatwg-url: 5.0.0

  '@supabase/postgrest-js@1.16.3':
    dependencies:
      '@supabase/node-fetch': 2.6.15

  '@supabase/realtime-js@2.10.7':
    dependencies:
      '@supabase/node-fetch': 2.6.15
      '@types/phoenix': 1.6.5
      '@types/ws': 8.5.12
      ws: 8.18.0
    transitivePeerDependencies:
      - bufferutil
      - utf-8-validate

  '@supabase/storage-js@2.7.1':
    dependencies:
      '@supabase/node-fetch': 2.6.15

  '@supabase/supabase-js@2.45.6':
    dependencies:
      '@supabase/auth-js': 2.65.1
      '@supabase/functions-js': 2.4.3
      '@supabase/node-fetch': 2.6.15
      '@supabase/postgrest-js': 1.16.3
      '@supabase/realtime-js': 2.10.7
      '@supabase/storage-js': 2.7.1
    transitivePeerDependencies:
      - bufferutil
      - utf-8-validate

  '@types/node@22.7.7':
    dependencies:
      undici-types: 6.19.8

  '@types/phoenix@1.6.5': {}

  '@types/ws@8.5.12':
    dependencies:
      '@types/node': 22.7.7

  algoliasearch@4.24.0:
    dependencies:
      '@algolia/cache-browser-local-storage': 4.24.0
      '@algolia/cache-common': 4.24.0
      '@algolia/cache-in-memory': 4.24.0
      '@algolia/client-account': 4.24.0
      '@algolia/client-analytics': 4.24.0
      '@algolia/client-common': 4.24.0
      '@algolia/client-personalization': 4.24.0
      '@algolia/client-search': 4.24.0
      '@algolia/logger-common': 4.24.0
      '@algolia/logger-console': 4.24.0
      '@algolia/recommend': 4.24.0
      '@algolia/requester-browser-xhr': 4.24.0
      '@algolia/requester-common': 4.24.0
      '@algolia/requester-node-http': 4.24.0
      '@algolia/transporter': 4.24.0

  tr46@0.0.3: {}

  undici-types@6.19.8: {}

  webidl-conversions@3.0.1: {}

  whatwg-url@5.0.0:
    dependencies:
      tr46: 0.0.3
      webidl-conversions: 3.0.1

  ws@8.18.0: {}
